
Microsoft Visual Studio Solution File, Format Version 12.00
# Visual Studio Version 17
VisualStudioVersion = 17.11.35327.3
MinimumVisualStudioVersion = 10.0.40219.1
Project("{9A19103F-16F7-4668-BE54-9A1E7A4F7556}") = "CarRentalManagement", "CarRentalManagement\CarRentalManagement.csproj", "{13DC1D88-1899-433B-A8E8-979663E637F3}"
EndProject
Global
	GlobalSection(SolutionConfigurationPlatforms) = preSolution
		Debug|Any CPU = Debug|Any CPU
		Release|Any CPU = Release|Any CPU
	EndGlobalSection
	GlobalSection(ProjectConfigurationPlatforms) = postSolution
		{13DC1D88-1899-433B-A8E8-979663E637F3}.Debug|Any CPU.ActiveCfg = Debug|Any CPU
		{13DC1D88-1899-433B-A8E8-979663E637F3}.Debug|Any CPU.Build.0 = Debug|Any CPU
		{13DC1D88-1899-433B-A8E8-979663E637F3}.Release|Any CPU.ActiveCfg = Release|Any CPU
		{13DC1D88-1899-433B-A8E8-979663E637F3}.Release|Any CPU.Build.0 = Release|Any CPU
	EndGlobalSection
	GlobalSection(SolutionProperties) = preSolution
		HideSolutionNode = FALSE
	EndGlobalSection
	GlobalSection(ExtensibilityGlobals) = postSolution
		SolutionGuid = {86662210-A299-4D9C-8EBE-BF7151B9AAE5}
	EndGlobalSection
EndGlobal
